PODS:
  - DZNEmptyDataSet (1.8.1)

DEPENDENCIES:
  - DZNEmptyDataSet

SPEC REPOS:
  https://github.com/cocoapods/specs.git:
    - DZNEmptyDataSet

SPEC CHECKSUMS:
  DZNEmptyDataSet: 9525833b9e68ac21c30253e1d3d7076cc828eaa7

PODFILE CHECKSUM: 5ecbc93e546d931152b46477c28c422995585aa7

COCOAPODS: 1.5.3
