// !$*UTF8*$!
{
	archiveVersion = 1;
	classes = {
	};
	objectVersion = 50;
	objects = {

/* Begin PBXBuildFile section */
		2D0C3B71C35749C2D506E3DE /* libPods-SWEmptyDataSet.a in Frameworks */ = {isa = PBXBuildFile; fileRef = 30F11D0648A4682EFD590DF8 /* libPods-SWEmptyDataSet.a */; };
		36A699F720C66AF000DBF3DD /* SWEmptyDataSetController.m in Sources */ = {isa = PBXBuildFile; fileRef = 36A699F620C66AF000DBF3DD /* SWEmptyDataSetController.m */; };
		36DFA89920C669CF00E558DD /* AppDelegate.m in Sources */ = {isa = PBXBuildFile; fileRef = 36DFA89820C669CF00E558DD /* AppDelegate.m */; };
		36DFA89F20C669CF00E558DD /* Main.storyboard in Resources */ = {isa = PBXBuildFile; fileRef = 36DFA89D20C669CF00E558DD /* Main.storyboard */; };
		36DFA8A120C669D100E558DD /* Assets.xcassets in Resources */ = {isa = PBXBuildFile; fileRef = 36DFA8A020C669D100E558DD /* Assets.xcassets */; };
		36DFA8A420C669D100E558DD /* LaunchScreen.storyboard in Resources */ = {isa = PBXBuildFile; fileRef = 36DFA8A220C669D100E558DD /* LaunchScreen.storyboard */; };
		36DFA8A720C669D100E558DD /* main.m in Sources */ = {isa = PBXBuildFile; fileRef = 36DFA8A620C669D100E558DD /* main.m */; };
		36DFA8B920C66A4600E558DD /* UIScrollView+SWEmptyDataSet.m in Sources */ = {isa = PBXBuildFile; fileRef = 36DFA8AE20C66A4600E558DD /* UIScrollView+SWEmptyDataSet.m */; };
		36DFA8BA20C66A4600E558DD /* loading_imgBlue_78x78@2x.png in Resources */ = {isa = PBXBuildFile; fileRef = 36DFA8B220C66A4600E558DD /* loading_imgBlue_78x78@2x.png */; };
		36DFA8BB20C66A4600E558DD /* error@2x.png in Resources */ = {isa = PBXBuildFile; fileRef = 36DFA8B320C66A4600E558DD /* error@2x.png */; };
		36DFA8BC20C66A4600E558DD /* loading_imgBlue_78x78@3x.png in Resources */ = {isa = PBXBuildFile; fileRef = 36DFA8B420C66A4600E558DD /* loading_imgBlue_78x78@3x.png */; };
		36DFA8BD20C66A4600E558DD /* SWBaseEmptyDataSetModel.m in Sources */ = {isa = PBXBuildFile; fileRef = 36DFA8B520C66A4600E558DD /* SWBaseEmptyDataSetModel.m */; };
		36DFA8BE20C66A4600E558DD /* SWNormalEmptyDataSetModel.m in Sources */ = {isa = PBXBuildFile; fileRef = 36DFA8B720C66A4600E558DD /* SWNormalEmptyDataSetModel.m */; };
/* End PBXBuildFile section */

/* Begin PBXFileReference section */
		11A58B69E10F23C27AF9A905 /* Pods-SWEmptyDataSet.release.xcconfig */ = {isa = PBXFileReference; includeInIndex = 1; lastKnownFileType = text.xcconfig; name = "Pods-SWEmptyDataSet.release.xcconfig"; path = "Pods/Target Support Files/Pods-SWEmptyDataSet/Pods-SWEmptyDataSet.release.xcconfig"; sourceTree = "<group>"; };
		18DA1D0A304579E52937A08A /* Pods-SWEmptyDataSet.debug.xcconfig */ = {isa = PBXFileReference; includeInIndex = 1; lastKnownFileType = text.xcconfig; name = "Pods-SWEmptyDataSet.debug.xcconfig"; path = "Pods/Target Support Files/Pods-SWEmptyDataSet/Pods-SWEmptyDataSet.debug.xcconfig"; sourceTree = "<group>"; };
		30F11D0648A4682EFD590DF8 /* libPods-SWEmptyDataSet.a */ = {isa = PBXFileReference; explicitFileType = archive.ar; includeInIndex = 0; path = "libPods-SWEmptyDataSet.a"; sourceTree = BUILT_PRODUCTS_DIR; };
		36A699F420C66ABB00DBF3DD /* SWBaseEmptyDataSetModel.h */ = {isa = PBXFileReference; lastKnownFileType = sourcecode.c.h; path = SWBaseEmptyDataSetModel.h; sourceTree = "<group>"; };
		36A699F520C66AEF00DBF3DD /* SWEmptyDataSetController.h */ = {isa = PBXFileReference; fileEncoding = 4; lastKnownFileType = sourcecode.c.h; path = SWEmptyDataSetController.h; sourceTree = "<group>"; };
		36A699F620C66AF000DBF3DD /* SWEmptyDataSetController.m */ = {isa = PBXFileReference; fileEncoding = 4; lastKnownFileType = sourcecode.c.objc; path = SWEmptyDataSetController.m; sourceTree = "<group>"; };
		36DFA89420C669CF00E558DD /* SWEmptyDataSet.app */ = {isa = PBXFileReference; explicitFileType = wrapper.application; includeInIndex = 0; path = SWEmptyDataSet.app; sourceTree = BUILT_PRODUCTS_DIR; };
		36DFA89720C669CF00E558DD /* AppDelegate.h */ = {isa = PBXFileReference; lastKnownFileType = sourcecode.c.h; path = AppDelegate.h; sourceTree = "<group>"; };
		36DFA89820C669CF00E558DD /* AppDelegate.m */ = {isa = PBXFileReference; lastKnownFileType = sourcecode.c.objc; path = AppDelegate.m; sourceTree = "<group>"; };
		36DFA89E20C669CF00E558DD /* Base */ = {isa = PBXFileReference; lastKnownFileType = file.storyboard; name = Base; path = Base.lproj/Main.storyboard; sourceTree = "<group>"; };
		36DFA8A020C669D100E558DD /* Assets.xcassets */ = {isa = PBXFileReference; lastKnownFileType = folder.assetcatalog; path = Assets.xcassets; sourceTree = "<group>"; };
		36DFA8A320C669D100E558DD /* Base */ = {isa = PBXFileReference; lastKnownFileType = file.storyboard; name = Base; path = Base.lproj/LaunchScreen.storyboard; sourceTree = "<group>"; };
		36DFA8A520C669D100E558DD /* Info.plist */ = {isa = PBXFileReference; lastKnownFileType = text.plist.xml; path = Info.plist; sourceTree = "<group>"; };
		36DFA8A620C669D100E558DD /* main.m */ = {isa = PBXFileReference; lastKnownFileType = sourcecode.c.objc; path = main.m; sourceTree = "<group>"; };
		36DFA8AE20C66A4600E558DD /* UIScrollView+SWEmptyDataSet.m */ = {isa = PBXFileReference; fileEncoding = 4; lastKnownFileType = sourcecode.c.objc; path = "UIScrollView+SWEmptyDataSet.m"; sourceTree = "<group>"; };
		36DFA8AF20C66A4600E558DD /* SWEmptyDataSet.h */ = {isa = PBXFileReference; fileEncoding = 4; lastKnownFileType = sourcecode.c.h; path = SWEmptyDataSet.h; sourceTree = "<group>"; };
		36DFA8B020C66A4600E558DD /* SWNormalEmptyDataSetModel.h */ = {isa = PBXFileReference; fileEncoding = 4; lastKnownFileType = sourcecode.c.h; path = SWNormalEmptyDataSetModel.h; sourceTree = "<group>"; };
		36DFA8B220C66A4600E558DD /* loading_imgBlue_78x78@2x.png */ = {isa = PBXFileReference; lastKnownFileType = image.png; path = "loading_imgBlue_78x78@2x.png"; sourceTree = "<group>"; };
		36DFA8B320C66A4600E558DD /* error@2x.png */ = {isa = PBXFileReference; lastKnownFileType = image.png; path = "error@2x.png"; sourceTree = "<group>"; };
		36DFA8B420C66A4600E558DD /* loading_imgBlue_78x78@3x.png */ = {isa = PBXFileReference; lastKnownFileType = image.png; path = "loading_imgBlue_78x78@3x.png"; sourceTree = "<group>"; };
		36DFA8B520C66A4600E558DD /* SWBaseEmptyDataSetModel.m */ = {isa = PBXFileReference; fileEncoding = 4; lastKnownFileType = sourcecode.c.objc; path = SWBaseEmptyDataSetModel.m; sourceTree = "<group>"; };
		36DFA8B620C66A4600E558DD /* UIScrollView+SWEmptyDataSet.h */ = {isa = PBXFileReference; fileEncoding = 4; lastKnownFileType = sourcecode.c.h; path = "UIScrollView+SWEmptyDataSet.h"; sourceTree = "<group>"; };
		36DFA8B720C66A4600E558DD /* SWNormalEmptyDataSetModel.m */ = {isa = PBXFileReference; fileEncoding = 4; lastKnownFileType = sourcecode.c.objc; path = SWNormalEmptyDataSetModel.m; sourceTree = "<group>"; };
/* End PBXFileReference section */

/* Begin PBXFrameworksBuildPhase section */
		36DFA89120C669CF00E558DD /* Frameworks */ = {
			isa = PBXFrameworksBuildPhase;
			buildActionMask = 2147483647;
			files = (
				2D0C3B71C35749C2D506E3DE /* libPods-SWEmptyDataSet.a in Frameworks */,
			);
			runOnlyForDeploymentPostprocessing = 0;
		};
/* End PBXFrameworksBuildPhase section */

/* Begin PBXGroup section */
		36DFA88B20C669CF00E558DD = {
			isa = PBXGroup;
			children = (
				36DFA89620C669CF00E558DD /* SWEmptyDataSet */,
				36DFA89520C669CF00E558DD /* Products */,
				FC0B450A43B6B21C727FF732 /* Pods */,
				B5D8DC8EDACC72F200301084 /* Frameworks */,
			);
			sourceTree = "<group>";
		};
		36DFA89520C669CF00E558DD /* Products */ = {
			isa = PBXGroup;
			children = (
				36DFA89420C669CF00E558DD /* SWEmptyDataSet.app */,
			);
			name = Products;
			sourceTree = "<group>";
		};
		36DFA89620C669CF00E558DD /* SWEmptyDataSet */ = {
			isa = PBXGroup;
			children = (
				36DFA8AD20C66A4600E558DD /* SWEmptyDataSet */,
				36DFA89720C669CF00E558DD /* AppDelegate.h */,
				36DFA89820C669CF00E558DD /* AppDelegate.m */,
				36A699F520C66AEF00DBF3DD /* SWEmptyDataSetController.h */,
				36A699F620C66AF000DBF3DD /* SWEmptyDataSetController.m */,
				36DFA89D20C669CF00E558DD /* Main.storyboard */,
				36DFA8A020C669D100E558DD /* Assets.xcassets */,
				36DFA8A220C669D100E558DD /* LaunchScreen.storyboard */,
				36DFA8A520C669D100E558DD /* Info.plist */,
				36DFA8A620C669D100E558DD /* main.m */,
			);
			path = SWEmptyDataSet;
			sourceTree = "<group>";
		};
		36DFA8AD20C66A4600E558DD /* SWEmptyDataSet */ = {
			isa = PBXGroup;
			children = (
				36DFA8B620C66A4600E558DD /* UIScrollView+SWEmptyDataSet.h */,
				36DFA8AE20C66A4600E558DD /* UIScrollView+SWEmptyDataSet.m */,
				36DFA8AF20C66A4600E558DD /* SWEmptyDataSet.h */,
				36DFA8B020C66A4600E558DD /* SWNormalEmptyDataSetModel.h */,
				36DFA8B720C66A4600E558DD /* SWNormalEmptyDataSetModel.m */,
				36A699F420C66ABB00DBF3DD /* SWBaseEmptyDataSetModel.h */,
				36DFA8B520C66A4600E558DD /* SWBaseEmptyDataSetModel.m */,
				36DFA8B120C66A4600E558DD /* images */,
			);
			path = SWEmptyDataSet;
			sourceTree = "<group>";
		};
		36DFA8B120C66A4600E558DD /* images */ = {
			isa = PBXGroup;
			children = (
				36DFA8B220C66A4600E558DD /* loading_imgBlue_78x78@2x.png */,
				36DFA8B320C66A4600E558DD /* error@2x.png */,
				36DFA8B420C66A4600E558DD /* loading_imgBlue_78x78@3x.png */,
			);
			path = images;
			sourceTree = "<group>";
		};
		B5D8DC8EDACC72F200301084 /* Frameworks */ = {
			isa = PBXGroup;
			children = (
				30F11D0648A4682EFD590DF8 /* libPods-SWEmptyDataSet.a */,
			);
			name = Frameworks;
			sourceTree = "<group>";
		};
		FC0B450A43B6B21C727FF732 /* Pods */ = {
			isa = PBXGroup;
			children = (
				18DA1D0A304579E52937A08A /* Pods-SWEmptyDataSet.debug.xcconfig */,
				11A58B69E10F23C27AF9A905 /* Pods-SWEmptyDataSet.release.xcconfig */,
			);
			name = Pods;
			sourceTree = "<group>";
		};
/* End PBXGroup section */

/* Begin PBXNativeTarget section */
		36DFA89320C669CF00E558DD /* SWEmptyDataSet */ = {
			isa = PBXNativeTarget;
			buildConfigurationList = 36DFA8AA20C669D100E558DD /* Build configuration list for PBXNativeTarget "SWEmptyDataSet" */;
			buildPhases = (
				69B4B90C923446735333F74F /* [CP] Check Pods Manifest.lock */,
				36DFA89020C669CF00E558DD /* Sources */,
				36DFA89120C669CF00E558DD /* Frameworks */,
				36DFA89220C669CF00E558DD /* Resources */,
			);
			buildRules = (
			);
			dependencies = (
			);
			name = SWEmptyDataSet;
			productName = SWEmptyDataSet;
			productReference = 36DFA89420C669CF00E558DD /* SWEmptyDataSet.app */;
			productType = "com.apple.product-type.application";
		};
/* End PBXNativeTarget section */

/* Begin PBXProject section */
		36DFA88C20C669CF00E558DD /* Project object */ = {
			isa = PBXProject;
			attributes = {
				LastUpgradeCheck = 0940;
				ORGANIZATIONNAME = zhoushaowen;
				TargetAttributes = {
					36DFA89320C669CF00E558DD = {
						CreatedOnToolsVersion = 9.4;
					};
				};
			};
			buildConfigurationList = 36DFA88F20C669CF00E558DD /* Build configuration list for PBXProject "SWEmptyDataSet" */;
			compatibilityVersion = "Xcode 9.3";
			developmentRegion = en;
			hasScannedForEncodings = 0;
			knownRegions = (
				en,
				Base,
			);
			mainGroup = 36DFA88B20C669CF00E558DD;
			productRefGroup = 36DFA89520C669CF00E558DD /* Products */;
			projectDirPath = "";
			projectRoot = "";
			targets = (
				36DFA89320C669CF00E558DD /* SWEmptyDataSet */,
			);
		};
/* End PBXProject section */

/* Begin PBXResourcesBuildPhase section */
		36DFA89220C669CF00E558DD /* Resources */ = {
			isa = PBXResourcesBuildPhase;
			buildActionMask = 2147483647;
			files = (
				36DFA8BA20C66A4600E558DD /* loading_imgBlue_78x78@2x.png in Resources */,
				36DFA8BB20C66A4600E558DD /* error@2x.png in Resources */,
				36DFA8A420C669D100E558DD /* LaunchScreen.storyboard in Resources */,
				36DFA8A120C669D100E558DD /* Assets.xcassets in Resources */,
				36DFA89F20C669CF00E558DD /* Main.storyboard in Resources */,
				36DFA8BC20C66A4600E558DD /* loading_imgBlue_78x78@3x.png in Resources */,
			);
			runOnlyForDeploymentPostprocessing = 0;
		};
/* End PBXResourcesBuildPhase section */

/* Begin PBXShellScriptBuildPhase section */
		69B4B90C923446735333F74F /* [CP] Check Pods Manifest.lock */ = {
			isa = PBXShellScriptBuildPhase;
			buildActionMask = 2147483647;
			files = (
			);
			inputPaths = (
				"${PODS_PODFILE_DIR_PATH}/Podfile.lock",
				"${PODS_ROOT}/Manifest.lock",
			);
			name = "[CP] Check Pods Manifest.lock";
			outputPaths = (
				"$(DERIVED_FILE_DIR)/Pods-SWEmptyDataSet-checkManifestLockResult.txt",
			);
			runOnlyForDeploymentPostprocessing = 0;
			shellPath = /bin/sh;
			shellScript = "diff \"${PODS_PODFILE_DIR_PATH}/Podfile.lock\" \"${PODS_ROOT}/Manifest.lock\" > /dev/null\nif [ $? != 0 ] ; then\n    # print error to STDERR\n    echo \"error: The sandbox is not in sync with the Podfile.lock. Run 'pod install' or update your CocoaPods installation.\" >&2\n    exit 1\nfi\n# This output is used by Xcode 'outputs' to avoid re-running this script phase.\necho \"SUCCESS\" > \"${SCRIPT_OUTPUT_FILE_0}\"\n";
			showEnvVarsInLog = 0;
		};
/* End PBXShellScriptBuildPhase section */

/* Begin PBXSourcesBuildPhase section */
		36DFA89020C669CF00E558DD /* Sources */ = {
			isa = PBXSourcesBuildPhase;
			buildActionMask = 2147483647;
			files = (
				36DFA8A720C669D100E558DD /* main.m in Sources */,
				36DFA8BD20C66A4600E558DD /* SWBaseEmptyDataSetModel.m in Sources */,
				36DFA8BE20C66A4600E558DD /* SWNormalEmptyDataSetModel.m in Sources */,
				36DFA8B920C66A4600E558DD /* UIScrollView+SWEmptyDataSet.m in Sources */,
				36A699F720C66AF000DBF3DD /* SWEmptyDataSetController.m in Sources */,
				36DFA89920C669CF00E558DD /* AppDelegate.m in Sources */,
			);
			runOnlyForDeploymentPostprocessing = 0;
		};
/* End PBXSourcesBuildPhase section */

/* Begin PBXVariantGroup section */
		36DFA89D20C669CF00E558DD /* Main.storyboard */ = {
			isa = PBXVariantGroup;
			children = (
				36DFA89E20C669CF00E558DD /* Base */,
			);
			name = Main.storyboard;
			sourceTree = "<group>";
		};
		36DFA8A220C669D100E558DD /* LaunchScreen.storyboard */ = {
			isa = PBXVariantGroup;
			children = (
				36DFA8A320C669D100E558DD /* Base */,
			);
			name = LaunchScreen.storyboard;
			sourceTree = "<group>";
		};
/* End PBXVariantGroup section */

/* Begin XCBuildConfiguration section */
		36DFA8A820C669D100E558DD /* Debug */ = {
			isa = XCBuildConfiguration;
			buildSettings = {
				ALWAYS_SEARCH_USER_PATHS = NO;
				CLANG_ANALYZER_NONNULL = YES;
				CLANG_ANALYZER_NUMBER_OBJECT_CONVERSION = YES_AGGRESSIVE;
				CLANG_CXX_LANGUAGE_STANDARD = "gnu++14";
				CLANG_CXX_LIBRARY = "libc++";
				CLANG_ENABLE_MODULES = YES;
				CLANG_ENABLE_OBJC_ARC = YES;
				CLANG_ENABLE_OBJC_WEAK = YES;
				CLANG_WARN_BLOCK_CAPTURE_AUTORELEASING = YES;
				CLANG_WARN_BOOL_CONVERSION = YES;
				CLANG_WARN_COMMA = YES;
				CLANG_WARN_CONSTANT_CONVERSION = YES;
				CLANG_WARN_DEPRECATED_OBJC_IMPLEMENTATIONS = YES;
				CLANG_WARN_DIRECT_OBJC_ISA_USAGE = YES_ERROR;
				CLANG_WARN_DOCUMENTATION_COMMENTS = YES;
				CLANG_WARN_EMPTY_BODY = YES;
				CLANG_WARN_ENUM_CONVERSION = YES;
				CLANG_WARN_INFINITE_RECURSION = YES;
				CLANG_WARN_INT_CONVERSION = YES;
				CLANG_WARN_NON_LITERAL_NULL_CONVERSION = YES;
				CLANG_WARN_OBJC_IMPLICIT_RETAIN_SELF = YES;
				CLANG_WARN_OBJC_LITERAL_CONVERSION = YES;
				CLANG_WARN_OBJC_ROOT_CLASS = YES_ERROR;
				CLANG_WARN_RANGE_LOOP_ANALYSIS = YES;
				CLANG_WARN_STRICT_PROTOTYPES = YES;
				CLANG_WARN_SUSPICIOUS_MOVE = YES;
				CLANG_WARN_UNGUARDED_AVAILABILITY = YES_AGGRESSIVE;
				CLANG_WARN_UNREACHABLE_CODE = YES;
				CLANG_WARN__DUPLICATE_METHOD_MATCH = YES;
				CODE_SIGN_IDENTITY = "iPhone Developer";
				COPY_PHASE_STRIP = NO;
				DEBUG_INFORMATION_FORMAT = dwarf;
				ENABLE_STRICT_OBJC_MSGSEND = YES;
				ENABLE_TESTABILITY = YES;
				GCC_C_LANGUAGE_STANDARD = gnu11;
				GCC_DYNAMIC_NO_PIC = NO;
				GCC_NO_COMMON_BLOCKS = YES;
				GCC_OPTIMIZATION_LEVEL = 0;
				GCC_PREPROCESSOR_DEFINITIONS = (
					"DEBUG=1",
					"$(inherited)",
				);
				GCC_WARN_64_TO_32_BIT_CONVERSION = YES;
				GCC_WARN_ABOUT_RETURN_TYPE = YES_ERROR;
				GCC_WARN_UNDECLARED_SELECTOR = YES;
				GCC_WARN_UNINITIALIZED_AUTOS = YES_AGGRESSIVE;
				GCC_WARN_UNUSED_FUNCTION = YES;
				GCC_WARN_UNUSED_VARIABLE = YES;
				IPHONEOS_DEPLOYMENT_TARGET = 11.4;
				MTL_ENABLE_DEBUG_INFO = YES;
				ONLY_ACTIVE_ARCH = YES;
				SDKROOT = iphoneos;
			};
			name = Debug;
		};
		36DFA8A920C669D100E558DD /* Release */ = {
			isa = XCBuildConfiguration;
			buildSettings = {
				ALWAYS_SEARCH_USER_PATHS = NO;
				CLANG_ANALYZER_NONNULL = YES;
				CLANG_ANALYZER_NUMBER_OBJECT_CONVERSION = YES_AGGRESSIVE;
				CLANG_CXX_LANGUAGE_STANDARD = "gnu++14";
				CLANG_CXX_LIBRARY = "libc++";
				CLANG_ENABLE_MODULES = YES;
				CLANG_ENABLE_OBJC_ARC = YES;
				CLANG_ENABLE_OBJC_WEAK = YES;
				CLANG_WARN_BLOCK_CAPTURE_AUTORELEASING = YES;
				CLANG_WARN_BOOL_CONVERSION = YES;
				CLANG_WARN_COMMA = YES;
				CLANG_WARN_CONSTANT_CONVERSION = YES;
				CLANG_WARN_DEPRECATED_OBJC_IMPLEMENTATIONS = YES;
				CLANG_WARN_DIRECT_OBJC_ISA_USAGE = YES_ERROR;
				CLANG_WARN_DOCUMENTATION_COMMENTS = YES;
				CLANG_WARN_EMPTY_BODY = YES;
				CLANG_WARN_ENUM_CONVERSION = YES;
				CLANG_WARN_INFINITE_RECURSION = YES;
				CLANG_WARN_INT_CONVERSION = YES;
				CLANG_WARN_NON_LITERAL_NULL_CONVERSION = YES;
				CLANG_WARN_OBJC_IMPLICIT_RETAIN_SELF = YES;
				CLANG_WARN_OBJC_LITERAL_CONVERSION = YES;
				CLANG_WARN_OBJC_ROOT_CLASS = YES_ERROR;
				CLANG_WARN_RANGE_LOOP_ANALYSIS = YES;
				CLANG_WARN_STRICT_PROTOTYPES = YES;
				CLANG_WARN_SUSPICIOUS_MOVE = YES;
				CLANG_WARN_UNGUARDED_AVAILABILITY = YES_AGGRESSIVE;
				CLANG_WARN_UNREACHABLE_CODE = YES;
				CLANG_WARN__DUPLICATE_METHOD_MATCH = YES;
				CODE_SIGN_IDENTITY = "iPhone Developer";
				COPY_PHASE_STRIP = NO;
				DEBUG_INFORMATION_FORMAT = "dwarf-with-dsym";
				ENABLE_NS_ASSERTIONS = NO;
				ENABLE_STRICT_OBJC_MSGSEND = YES;
				GCC_C_LANGUAGE_STANDARD = gnu11;
				GCC_NO_COMMON_BLOCKS = YES;
				GCC_WARN_64_TO_32_BIT_CONVERSION = YES;
				GCC_WARN_ABOUT_RETURN_TYPE = YES_ERROR;
				GCC_WARN_UNDECLARED_SELECTOR = YES;
				GCC_WARN_UNINITIALIZED_AUTOS = YES_AGGRESSIVE;
				GCC_WARN_UNUSED_FUNCTION = YES;
				GCC_WARN_UNUSED_VARIABLE = YES;
				IPHONEOS_DEPLOYMENT_TARGET = 11.4;
				MTL_ENABLE_DEBUG_INFO = NO;
				SDKROOT = iphoneos;
				VALIDATE_PRODUCT = YES;
			};
			name = Release;
		};
		36DFA8AB20C669D100E558DD /* Debug */ = {
			isa = XCBuildConfiguration;
			baseConfigurationReference = 18DA1D0A304579E52937A08A /* Pods-SWEmptyDataSet.debug.xcconfig */;
			buildSettings = {
				ASSETCATALOG_COMPILER_APPICON_NAME = AppIcon;
				CODE_SIGN_STYLE = Automatic;
				DEVELOPMENT_TEAM = G75M8TE39H;
				INFOPLIST_FILE = SWEmptyDataSet/Info.plist;
				LD_RUNPATH_SEARCH_PATHS = (
					"$(inherited)",
					"@executable_path/Frameworks",
				);
				PRODUCT_BUNDLE_IDENTIFIER = com.sw.SWEmptyDataSet;
				PRODUCT_NAME = "$(TARGET_NAME)";
				TARGETED_DEVICE_FAMILY = "1,2";
			};
			name = Debug;
		};
		36DFA8AC20C669D100E558DD /* Release */ = {
			isa = XCBuildConfiguration;
			baseConfigurationReference = 11A58B69E10F23C27AF9A905 /* Pods-SWEmptyDataSet.release.xcconfig */;
			buildSettings = {
				ASSETCATALOG_COMPILER_APPICON_NAME = AppIcon;
				CODE_SIGN_STYLE = Automatic;
				DEVELOPMENT_TEAM = G75M8TE39H;
				INFOPLIST_FILE = SWEmptyDataSet/Info.plist;
				LD_RUNPATH_SEARCH_PATHS = (
					"$(inherited)",
					"@executable_path/Frameworks",
				);
				PRODUCT_BUNDLE_IDENTIFIER = com.sw.SWEmptyDataSet;
				PRODUCT_NAME = "$(TARGET_NAME)";
				TARGETED_DEVICE_FAMILY = "1,2";
			};
			name = Release;
		};
/* End XCBuildConfiguration section */

/* Begin XCConfigurationList section */
		36DFA88F20C669CF00E558DD /* Build configuration list for PBXProject "SWEmptyDataSet" */ = {
			isa = XCConfigurationList;
			buildConfigurations = (
				36DFA8A820C669D100E558DD /* Debug */,
				36DFA8A920C669D100E558DD /* Release */,
			);
			defaultConfigurationIsVisible = 0;
			defaultConfigurationName = Release;
		};
		36DFA8AA20C669D100E558DD /* Build configuration list for PBXNativeTarget "SWEmptyDataSet" */ = {
			isa = XCConfigurationList;
			buildConfigurations = (
				36DFA8AB20C669D100E558DD /* Debug */,
				36DFA8AC20C669D100E558DD /* Release */,
			);
			defaultConfigurationIsVisible = 0;
			defaultConfigurationName = Release;
		};
/* End XCConfigurationList section */
	};
	rootObject = 36DFA88C20C669CF00E558DD /* Project object */;
}
